
Microsoft Visual Studio Solution File, Format Version 12.00
# Visual Studio Version 17
VisualStudioVersion = 17.7.34031.279
MinimumVisualStudioVersion = 10.0.40219.1
Project("{9A19103F-16F7-4668-BE54-9A1E7A4F7556}") = "Api", "Api.csproj", "{36C4D44D-F4A5-4EA5-AA01-77ACF2AE2BF6}"
EndProject
Global
	GlobalSection(SolutionConfigurationPlatforms) = preSolution
		Debug|Any CPU = Debug|Any CPU
		Release|Any CPU = Release|Any CPU
	EndGlobalSection
	GlobalSection(ProjectConfigurationPlatforms) = postSolution
		{36C4D44D-F4A5-4EA5-AA01-77ACF2AE2BF6}.Debug|Any CPU.ActiveCfg = Debug|Any CPU
		{36C4D44D-F4A5-4EA5-AA01-77ACF2AE2BF6}.Debug|Any CPU.Build.0 = Debug|Any CPU
		{36C4D44D-F4A5-4EA5-AA01-77ACF2AE2BF6}.Release|Any CPU.ActiveCfg = Release|Any CPU
		{36C4D44D-F4A5-4EA5-AA01-77ACF2AE2BF6}.Release|Any CPU.Build.0 = Release|Any CPU
	EndGlobalSection
	GlobalSection(SolutionProperties) = preSolution
		HideSolutionNode = FALSE
	EndGlobalSection
	GlobalSection(ExtensibilityGlobals) = postSolution
		SolutionGuid = {D7154158-6094-4D96-8373-BE296CD9F68F}
	EndGlobalSection
EndGlobal
